
Microsoft Visual Studio Solution File, Format Version 12.00
# Visual Studio Version 16
VisualStudioVersion = 16.0.30907.101
MinimumVisualStudioVersion = 10.0.40219.1
Project("{9A19103F-16F7-4668-BE54-9A1E7A4F7556}") = "Client", "Client.csproj", "{4A24388A-A1E5-4A5D-BF86-96CC9D5AE1BF}"
EndProject
Project("{9A19103F-16F7-4668-BE54-9A1E7A4F7556}") = "Model", "..\Model\Model.csproj", "{6837B7F1-8A37-41DB-BB30-82E83B209706}"
EndProject
Project("{9A19103F-16F7-4668-BE54-9A1E7A4F7556}") = "SystemAPI", "..\SystemAPI\SystemAPI.csproj", "{948739E9-E3E7-4B25-9A93-8615FC11A880}"
EndProject
Global
	GlobalSection(SolutionConfigurationPlatforms) = preSolution
		Debug|Any CPU = Debug|Any CPU
		Release|Any CPU = Release|Any CPU
	EndGlobalSection
	GlobalSection(ProjectConfigurationPlatforms) = postSolution
		{4A24388A-A1E5-4A5D-BF86-96CC9D5AE1BF}.Debug|Any CPU.ActiveCfg = Debug|Any CPU
		{4A24388A-A1E5-4A5D-BF86-96CC9D5AE1BF}.Debug|Any CPU.Build.0 = Debug|Any CPU
		{4A24388A-A1E5-4A5D-BF86-96CC9D5AE1BF}.Release|Any CPU.ActiveCfg = Release|Any CPU
		{4A24388A-A1E5-4A5D-BF86-96CC9D5AE1BF}.Release|Any CPU.Build.0 = Release|Any CPU
		{6837B7F1-8A37-41DB-BB30-82E83B209706}.Debug|Any CPU.ActiveCfg = Debug|Any CPU
		{6837B7F1-8A37-41DB-BB30-82E83B209706}.Debug|Any CPU.Build.0 = Debug|Any CPU
		{6837B7F1-8A37-41DB-BB30-82E83B209706}.Release|Any CPU.ActiveCfg = Release|Any CPU
		{6837B7F1-8A37-41DB-BB30-82E83B209706}.Release|Any CPU.Build.0 = Release|Any CPU
		{948739E9-E3E7-4B25-9A93-8615FC11A880}.Debug|Any CPU.ActiveCfg = Debug|Any CPU
		{948739E9-E3E7-4B25-9A93-8615FC11A880}.Debug|Any CPU.Build.0 = Debug|Any CPU
		{948739E9-E3E7-4B25-9A93-8615FC11A880}.Release|Any CPU.ActiveCfg = Release|Any CPU
		{948739E9-E3E7-4B25-9A93-8615FC11A880}.Release|Any CPU.Build.0 = Release|Any CPU
	EndGlobalSection
	GlobalSection(SolutionProperties) = preSolution
		HideSolutionNode = FALSE
	EndGlobalSection
	GlobalSection(ExtensibilityGlobals) = postSolution
		SolutionGuid = {F2AF9061-0A86-4727-88FD-C32BA90D4711}
	EndGlobalSection
EndGlobal
